
Microsoft Visual Studio Solution File, Format Version 12.00
# Visual Studio Version 17
VisualStudioVersion = 17.14.37111.16
MinimumVisualStudioVersion = 10.0.40219.1
Project("{FAE04EC0-301F-11D3-BF4B-00C04F79EFBC}") = "SaddleHeroesAirWays.API", "SaddleHeroesAirWays.API\SaddleHeroesAirWays.API.csproj", "{04691F8F-908D-43C3-81E7-CCE064670770}"
EndProject
Project("{FAE04EC0-301F-11D3-BF4B-00C04F79EFBC}") = "SaddleHeroesAirWays.MSTest", "SaddleHeroesAirWays.MSTest\SaddleHeroesAirWays.MSTest.csproj", "{2F42B28E-16E3-4922-B4A3-2BDE6F9D3207}"
	ProjectSection(ProjectDependencies) = postProject
		{57E5224B-0185-4D37-8E85-E5C7EC9A92C8} = {57E5224B-0185-4D37-8E85-E5C7EC9A92C8}
	EndProjectSection
EndProject
Project("{FAE04EC0-301F-11D3-BF4B-00C04F79EFBC}") = "SaddleHeroesAirWays.Library", "SaddleHeroesAirWays.Library\SaddleHeroesAirWays.Library.csproj", "{57E5224B-0185-4D37-8E85-E5C7EC9A92C8}"
EndProject
Global
	GlobalSection(SolutionConfigurationPlatforms) = preSolution
		Debug|Any CPU = Debug|Any CPU
		Release|Any CPU = Release|Any CPU
	EndGlobalSection
	GlobalSection(ProjectConfigurationPlatforms) = postSolution
		{04691F8F-908D-43C3-81E7-CCE064670770}.Debug|Any CPU.ActiveCfg = Debug|Any CPU
		{04691F8F-908D-43C3-81E7-CCE064670770}.Debug|Any CPU.Build.0 = Debug|Any CPU
		{04691F8F-908D-43C3-81E7-CCE064670770}.Release|Any CPU.ActiveCfg = Release|Any CPU
		{04691F8F-908D-43C3-81E7-CCE064670770}.Release|Any CPU.Build.0 = Release|Any CPU
		{2F42B28E-16E3-4922-B4A3-2BDE6F9D3207}.Debug|Any CPU.ActiveCfg = Debug|Any CPU
		{2F42B28E-16E3-4922-B4A3-2BDE6F9D3207}.Debug|Any CPU.Build.0 = Debug|Any CPU
		{2F42B28E-16E3-4922-B4A3-2BDE6F9D3207}.Release|Any CPU.ActiveCfg = Release|Any CPU
		{2F42B28E-16E3-4922-B4A3-2BDE6F9D3207}.Release|Any CPU.Build.0 = Release|Any CPU
		{57E5224B-0185-4D37-8E85-E5C7EC9A92C8}.Debug|Any CPU.ActiveCfg = Debug|Any CPU
		{57E5224B-0185-4D37-8E85-E5C7EC9A92C8}.Debug|Any CPU.Build.0 = Debug|Any CPU
		{57E5224B-0185-4D37-8E85-E5C7EC9A92C8}.Release|Any CPU.ActiveCfg = Release|Any CPU
		{57E5224B-0185-4D37-8E85-E5C7EC9A92C8}.Release|Any CPU.Build.0 = Release|Any CPU
	EndGlobalSection
	GlobalSection(SolutionProperties) = preSolution
		HideSolutionNode = FALSE
	EndGlobalSection
	GlobalSection(ExtensibilityGlobals) = postSolution
		SolutionGuid = {FC55F2C0-216B-425E-A97C-B37757BA9B6E}
	EndGlobalSection
EndGlobal
